// !$*UTF8*$!
{
	archiveVersion = 1;
	classes = {
	};
	objectVersion = 55;
	objects = {

/* Begin PBXBuildFile section */
		2B51B3F7287A6F1900351F86 /* BottomSheetViewController.swift in Sources */ = {isa = PBXBuildFile; fileRef = 2B51B3F5287A6F1900351F86 /* BottomSheetViewController.swift */; };
		2B51B3F8287A6F1900351F86 /* BottomSheetView.xib in Resources */ = {isa = PBXBuildFile; fileRef = 2B51B3F6287A6F1900351F86 /* BottomSheetView.xib */; };
		2BB93B4E287384EE00CE125A /* AppDelegate.swift in Sources */ = {isa = PBXBuildFile; fileRef = 2BB93B4D287384EE00CE125A /* AppDelegate.swift */; };
		2BB93B50287384EE00CE125A /* SceneDelegate.swift in Sources */ = {isa = PBXBuildFile; fileRef = 2BB93B4F287384EE00CE125A /* SceneDelegate.swift */; };
		2BB93B52287384EE00CE125A /* LogInViewController.swift in Sources */ = {isa = PBXBuildFile; fileRef = 2BB93B51287384EE00CE125A /* LogInViewController.swift */; };
		2BB93B55287384EE00CE125A /* Main.storyboard in Resources */ = {isa = PBXBuildFile; fileRef = 2BB93B53287384EE00CE125A /* Main.storyboard */; };
		2BB93B57287384F100CE125A /* Assets.xcassets in Resources */ = {isa = PBXBuildFile; fileRef = 2BB93B56287384F100CE125A /* Assets.xcassets */; };
		2BB93B5A287384F100CE125A /* LaunchScreen.storyboard in Resources */ = {isa = PBXBuildFile; fileRef = 2BB93B58287384F100CE125A /* LaunchScreen.storyboard */; };
		2BB93B622874420E00CE125A /* CustomButton.swift in Sources */ = {isa = PBXBuildFile; fileRef = 2BB93B612874420E00CE125A /* CustomButton.swift */; };
		2BC716DF2879A56700386285 /* RegistrationViewController.swift in Sources */ = {isa = PBXBuildFile; fileRef = 2BC716DE2879A56700386285 /* RegistrationViewController.swift */; };
		2BC716E12879A58500386285 /* DetailsViewController.swift in Sources */ = {isa = PBXBuildFile; fileRef = 2BC716E02879A58500386285 /* DetailsViewController.swift */; };
/* End PBXBuildFile section */

/* Begin PBXFileReference section */
		2B51B3F5287A6F1900351F86 /* BottomSheetViewController.swift */ = {isa = PBXFileReference; lastKnownFileType = sourcecode.swift; path = BottomSheetViewController.swift; sourceTree = "<group>"; };
		2B51B3F6287A6F1900351F86 /* BottomSheetView.xib */ = {isa = PBXFileReference; lastKnownFileType = file.xib; name = BottomSheetView.xib; path = ViewControllers/BottomSheetView.xib; sourceTree = "<group>"; };
		2BB93B4A287384EE00CE125A /* RegistrationApp.app */ = {isa = PBXFileReference; explicitFileType = wrapper.application; includeInIndex = 0; path = RegistrationApp.app; sourceTree = BUILT_PRODUCTS_DIR; };
		2BB93B4D287384EE00CE125A /* AppDelegate.swift */ = {isa = PBXFileReference; lastKnownFileType = sourcecode.swift; path = AppDelegate.swift; sourceTree = "<group>"; };
		2BB93B4F287384EE00CE125A /* SceneDelegate.swift */ = {isa = PBXFileReference; lastKnownFileType = sourcecode.swift; path = SceneDelegate.swift; sourceTree = "<group>"; };
		2BB93B51287384EE00CE125A /* LogInViewController.swift */ = {isa = PBXFileReference; lastKnownFileType = sourcecode.swift; path = LogInViewController.swift; sourceTree = "<group>"; };
		2BB93B54287384EE00CE125A /* Base */ = {isa = PBXFileReference; lastKnownFileType = file.storyboard; name = Base; path = Base.lproj/Main.storyboard; sourceTree = "<group>"; };
		2BB93B56287384F100CE125A /* Assets.xcassets */ = {isa = PBXFileReference; lastKnownFileType = folder.assetcatalog; path = Assets.xcassets; sourceTree = "<group>"; };
		2BB93B59287384F100CE125A /* Base */ = {isa = PBXFileReference; lastKnownFileType = file.storyboard; name = Base; path = Base.lproj/LaunchScreen.storyboard; sourceTree = "<group>"; };
		2BB93B5B287384F100CE125A /* Info.plist */ = {isa = PBXFileReference; lastKnownFileType = text.plist.xml; path = Info.plist; sourceTree = "<group>"; };
		2BB93B612874420E00CE125A /* CustomButton.swift */ = {isa = PBXFileReference; lastKnownFileType = sourcecode.swift; path = CustomButton.swift; sourceTree = "<group>"; };
		2BC716DE2879A56700386285 /* RegistrationViewController.swift */ = {isa = PBXFileReference; lastKnownFileType = sourcecode.swift; path = RegistrationViewController.swift; sourceTree = "<group>"; };
		2BC716E02879A58500386285 /* DetailsViewController.swift */ = {isa = PBXFileReference; lastKnownFileType = sourcecode.swift; path = DetailsViewController.swift; sourceTree = "<group>"; };
/* End PBXFileReference section */

/* Begin PBXFrameworksBuildPhase section */
		2BB93B47287384EE00CE125A /* Frameworks */ = {
			isa = PBXFrameworksBuildPhase;
			buildActionMask = 2147483647;
			files = (
			);
			runOnlyForDeploymentPostprocessing = 0;
		};
/* End PBXFrameworksBuildPhase section */

/* Begin PBXGroup section */
		2BB93B41287384EE00CE125A = {
			isa = PBXGroup;
			children = (
				2BB93B4C287384EE00CE125A /* RegistrationApp */,
				2BB93B4B287384EE00CE125A /* Products */,
			);
			sourceTree = "<group>";
		};
		2BB93B4B287384EE00CE125A /* Products */ = {
			isa = PBXGroup;
			children = (
				2BB93B4A287384EE00CE125A /* RegistrationApp.app */,
			);
			name = Products;
			sourceTree = "<group>";
		};
		2BB93B4C287384EE00CE125A /* RegistrationApp */ = {
			isa = PBXGroup;
			children = (
				2BB93B4D287384EE00CE125A /* AppDelegate.swift */,
				2BB93B4F287384EE00CE125A /* SceneDelegate.swift */,
				2BC716DB28799B2E00386285 /* ViewControllers */,
				2BC716DC28799B4100386285 /* CustomButton */,
				2BB93B53287384EE00CE125A /* Main.storyboard */,
				2B51B3F6287A6F1900351F86 /* BottomSheetView.xib */,
				2BB93B56287384F100CE125A /* Assets.xcassets */,
				2BB93B58287384F100CE125A /* LaunchScreen.storyboard */,
				2BB93B5B287384F100CE125A /* Info.plist */,
			);
			path = RegistrationApp;
			sourceTree = "<group>";
		};
		2BC716DB28799B2E00386285 /* ViewControllers */ = {
			isa = PBXGroup;
			children = (
				2BB93B51287384EE00CE125A /* LogInViewController.swift */,
				2BC716DE2879A56700386285 /* RegistrationViewController.swift */,
				2BC716E02879A58500386285 /* DetailsViewController.swift */,
				2B51B3F5287A6F1900351F86 /* BottomSheetViewController.swift */,
			);
			path = ViewControllers;
			sourceTree = "<group>";
		};
		2BC716DC28799B4100386285 /* CustomButton */ = {
			isa = PBXGroup;
			children = (
				2BB93B612874420E00CE125A /* CustomButton.swift */,
			);
			path = CustomButton;
			sourceTree = "<group>";
		};
/* End PBXGroup section */

/* Begin PBXNativeTarget section */
		2BB93B49287384EE00CE125A /* RegistrationApp */ = {
			isa = PBXNativeTarget;
			buildConfigurationList = 2BB93B5E287384F100CE125A /* Build configuration list for PBXNativeTarget "RegistrationApp" */;
			buildPhases = (
				2BB93B46287384EE00CE125A /* Sources */,
				2BB93B47287384EE00CE125A /* Frameworks */,
				2BB93B48287384EE00CE125A /* Resources */,
			);
			buildRules = (
			);
			dependencies = (
			);
			name = RegistrationApp;
			productName = RegistrationApp;
			productReference = 2BB93B4A287384EE00CE125A /* RegistrationApp.app */;
			productType = "com.apple.product-type.application";
		};
/* End PBXNativeTarget section */

/* Begin PBXProject section */
		2BB93B42287384EE00CE125A /* Project object */ = {
			isa = PBXProject;
			attributes = {
				BuildIndependentTargetsInParallel = 1;
				LastSwiftUpdateCheck = 1340;
				LastUpgradeCheck = 1340;
				TargetAttributes = {
					2BB93B49287384EE00CE125A = {
						CreatedOnToolsVersion = 13.4.1;
					};
				};
			};
			buildConfigurationList = 2BB93B45287384EE00CE125A /* Build configuration list for PBXProject "RegistrationApp" */;
			compatibilityVersion = "Xcode 13.0";
			developmentRegion = en;
			hasScannedForEncodings = 0;
			knownRegions = (
				en,
				Base,
			);
			mainGroup = 2BB93B41287384EE00CE125A;
			productRefGroup = 2BB93B4B287384EE00CE125A /* Products */;
			projectDirPath = "";
			projectRoot = "";
			targets = (
				2BB93B49287384EE00CE125A /* RegistrationApp */,
			);
		};
/* End PBXProject section */

/* Begin PBXResourcesBuildPhase section */
		2BB93B48287384EE00CE125A /* Resources */ = {
			isa = PBXResourcesBuildPhase;
			buildActionMask = 2147483647;
			files = (
				2BB93B5A287384F100CE125A /* LaunchScreen.storyboard in Resources */,
				2BB93B57287384F100CE125A /* Assets.xcassets in Resources */,
				2BB93B55287384EE00CE125A /* Main.storyboard in Resources */,
				2B51B3F8287A6F1900351F86 /* BottomSheetView.xib in Resources */,
			);
			runOnlyForDeploymentPostprocessing = 0;
		};
/* End PBXResourcesBuildPhase section */

/* Begin PBXSourcesBuildPhase section */
		2BB93B46287384EE00CE125A /* Sources */ = {
			isa = PBXSourcesBuildPhase;
			buildActionMask = 2147483647;
			files = (
				2BB93B622874420E00CE125A /* CustomButton.swift in Sources */,
				2B51B3F7287A6F1900351F86 /* BottomSheetViewController.swift in Sources */,
				2BB93B52287384EE00CE125A /* LogInViewController.swift in Sources */,
				2BC716DF2879A56700386285 /* RegistrationViewController.swift in Sources */,
				2BB93B4E287384EE00CE125A /* AppDelegate.swift in Sources */,
				2BB93B50287384EE00CE125A /* SceneDelegate.swift in Sources */,
				2BC716E12879A58500386285 /* DetailsViewController.swift in Sources */,
			);
			runOnlyForDeploymentPostprocessing = 0;
		};
/* End PBXSourcesBuildPhase section */

/* Begin PBXVariantGroup section */
		2BB93B53287384EE00CE125A /* Main.storyboard */ = {
			isa = PBXVariantGroup;
			children = (
				2BB93B54287384EE00CE125A /* Base */,
			);
			name = Main.storyboard;
			sourceTree = "<group>";
		};
		2BB93B58287384F100CE125A /* LaunchScreen.storyboard */ = {
			isa = PBXVariantGroup;
			children = (
				2BB93B59287384F100CE125A /* Base */,
			);
			name = LaunchScreen.storyboard;
			sourceTree = "<group>";
		};
/* End PBXVariantGroup section */

/* Begin XCBuildConfiguration section */
		2BB93B5C287384F100CE125A /* Debug */ = {
			isa = XCBuildConfiguration;
			buildSettings = {
				ALWAYS_SEARCH_USER_PATHS = NO;
				CLANG_ANALYZER_NONNULL = YES;
				CLANG_ANALYZER_NUMBER_OBJECT_CONVERSION = YES_AGGRESSIVE;
				CLANG_CXX_LANGUAGE_STANDARD = "gnu++17";
				CLANG_ENABLE_MODULES = YES;
				CLANG_ENABLE_OBJC_ARC = YES;
				CLANG_ENABLE_OBJC_WEAK = YES;
				CLANG_WARN_BLOCK_CAPTURE_AUTORELEASING = YES;
				CLANG_WARN_BOOL_CONVERSION = YES;
				CLANG_WARN_COMMA = YES;
				CLANG_WARN_CONSTANT_CONVERSION = YES;
				CLANG_WARN_DEPRECATED_OBJC_IMPLEMENTATIONS = YES;
				CLANG_WARN_DIRECT_OBJC_ISA_USAGE = YES_ERROR;
				CLANG_WARN_DOCUMENTATION_COMMENTS = YES;
				CLANG_WARN_EMPTY_BODY = YES;
				CLANG_WARN_ENUM_CONVERSION = YES;
				CLANG_WARN_INFINITE_RECURSION = YES;
				CLANG_WARN_INT_CONVERSION = YES;
				CLANG_WARN_NON_LITERAL_NULL_CONVERSION = YES;
				CLANG_WARN_OBJC_IMPLICIT_RETAIN_SELF = YES;
				CLANG_WARN_OBJC_LITERAL_CONVERSION = YES;
				CLANG_WARN_OBJC_ROOT_CLASS = YES_ERROR;
				CLANG_WARN_QUOTED_INCLUDE_IN_FRAMEWORK_HEADER = YES;
				CLANG_WARN_RANGE_LOOP_ANALYSIS = YES;
				CLANG_WARN_STRICT_PROTOTYPES = YES;
				CLANG_WARN_SUSPICIOUS_MOVE = YES;
				CLANG_WARN_UNGUARDED_AVAILABILITY = YES_AGGRESSIVE;
				CLANG_WARN_UNREACHABLE_CODE = YES;
				CLANG_WARN__DUPLICATE_METHOD_MATCH = YES;
				COPY_PHASE_STRIP = NO;
				DEBUG_INFORMATION_FORMAT = dwarf;
				ENABLE_STRICT_OBJC_MSGSEND = YES;
				ENABLE_TESTABILITY = YES;
				GCC_C_LANGUAGE_STANDARD = gnu11;
				GCC_DYNAMIC_NO_PIC = NO;
				GCC_NO_COMMON_BLOCKS = YES;
				GCC_OPTIMIZATION_LEVEL = 0;
				GCC_PREPROCESSOR_DEFINITIONS = (
					"DEBUG=1",
					"$(inherited)",
				);
				GCC_WARN_64_TO_32_BIT_CONVERSION = YES;
				GCC_WARN_ABOUT_RETURN_TYPE = YES_ERROR;
				GCC_WARN_UNDECLARED_SELECTOR = YES;
				GCC_WARN_UNINITIALIZED_AUTOS = YES_AGGRESSIVE;
				GCC_WARN_UNUSED_FUNCTION = YES;
				GCC_WARN_UNUSED_VARIABLE = YES;
				IPHONEOS_DEPLOYMENT_TARGET = 15.5;
				MTL_ENABLE_DEBUG_INFO = INCLUDE_SOURCE;
				MTL_FAST_MATH = YES;
				ONLY_ACTIVE_ARCH = YES;
				SDKROOT = iphoneos;
				SWIFT_ACTIVE_COMPILATION_CONDITIONS = DEBUG;
				SWIFT_OPTIMIZATION_LEVEL = "-Onone";
			};
			name = Debug;
		};
		2BB93B5D287384F100CE125A /* Release */ = {
			isa = XCBuildConfiguration;
			buildSettings = {
				ALWAYS_SEARCH_USER_PATHS = NO;
				CLANG_ANALYZER_NONNULL = YES;
				CLANG_ANALYZER_NUMBER_OBJECT_CONVERSION = YES_AGGRESSIVE;
				CLANG_CXX_LANGUAGE_STANDARD = "gnu++17";
				CLANG_ENABLE_MODULES = YES;
				CLANG_ENABLE_OBJC_ARC = YES;
				CLANG_ENABLE_OBJC_WEAK = YES;
				CLANG_WARN_BLOCK_CAPTURE_AUTORELEASING = YES;
				CLANG_WARN_BOOL_CONVERSION = YES;
				CLANG_WARN_COMMA = YES;
				CLANG_WARN_CONSTANT_CONVERSION = YES;
				CLANG_WARN_DEPRECATED_OBJC_IMPLEMENTATIONS = YES;
				CLANG_WARN_DIRECT_OBJC_ISA_USAGE = YES_ERROR;
				CLANG_WARN_DOCUMENTATION_COMMENTS = YES;
				CLANG_WARN_EMPTY_BODY = YES;
				CLANG_WARN_ENUM_CONVERSION = YES;
				CLANG_WARN_INFINITE_RECURSION = YES;
				CLANG_WARN_INT_CONVERSION = YES;
				CLANG_WARN_NON_LITERAL_NULL_CONVERSION = YES;
				CLANG_WARN_OBJC_IMPLICIT_RETAIN_SELF = YES;
				CLANG_WARN_OBJC_LITERAL_CONVERSION = YES;
				CLANG_WARN_OBJC_ROOT_CLASS = YES_ERROR;
				CLANG_WARN_QUOTED_INCLUDE_IN_FRAMEWORK_HEADER = YES;
				CLANG_WARN_RANGE_LOOP_ANALYSIS = YES;
				CLANG_WARN_STRICT_PROTOTYPES = YES;
				CLANG_WARN_SUSPICIOUS_MOVE = YES;
				CLANG_WARN_UNGUARDED_AVAILABILITY = YES_AGGRESSIVE;
				CLANG_WARN_UNREACHABLE_CODE = YES;
				CLANG_WARN__DUPLICATE_METHOD_MATCH = YES;
				COPY_PHASE_STRIP = NO;
				DEBUG_INFORMATION_FORMAT = "dwarf-with-dsym";
				ENABLE_NS_ASSERTIONS = NO;
				ENABLE_STRICT_OBJC_MSGSEND = YES;
				GCC_C_LANGUAGE_STANDARD = gnu11;
				GCC_NO_COMMON_BLOCKS = YES;
				GCC_WARN_64_TO_32_BIT_CONVERSION = YES;
				GCC_WARN_ABOUT_RETURN_TYPE = YES_ERROR;
				GCC_WARN_UNDECLARED_SELECTOR = YES;
				GCC_WARN_UNINITIALIZED_AUTOS = YES_AGGRESSIVE;
				GCC_WARN_UNUSED_FUNCTION = YES;
				GCC_WARN_UNUSED_VARIABLE = YES;
				IPHONEOS_DEPLOYMENT_TARGET = 15.5;
				MTL_ENABLE_DEBUG_INFO = NO;
				MTL_FAST_MATH = YES;
				SDKROOT = iphoneos;
				SWIFT_COMPILATION_MODE = wholemodule;
				SWIFT_OPTIMIZATION_LEVEL = "-O";
				VALIDATE_PRODUCT = YES;
			};
			name = Release;
		};
		2BB93B5F287384F100CE125A /* Debug */ = {
			isa = XCBuildConfiguration;
			buildSettings = {
				ASSETCATALOG_COMPILER_APPICON_NAME = AppIcon;
				ASSETCATALOG_COMPILER_GLOBAL_ACCENT_COLOR_NAME = AccentColor;
				CODE_SIGN_STYLE = Automatic;
				CURRENT_PROJECT_VERSION = 1;
				DEVELOPMENT_TEAM = V9DL6T6A4K;
				GENERATE_INFOPLIST_FILE = YES;
				INFOPLIST_FILE = RegistrationApp/Info.plist;
				INFOPLIST_KEY_UIApplicationSupportsIndirectInputEvents = YES;
				INFOPLIST_KEY_UILaunchStoryboardName = LaunchScreen;
				INFOPLIST_KEY_UIMainStoryboardFile = Main;
				INFOPLIST_KEY_UISupportedInterfaceOrientations = UIInterfaceOrientationPortrait;
				INFOPLIST_KEY_UISupportedInterfaceOrientations_iPad = "UIInterfaceOrientationPortrait UIInterfaceOrientationPortraitUpsideDown UIInterfaceOrientationLandscapeLeft UIInterfaceOrientationLandscapeRight";
				INFOPLIST_KEY_UISupportedInterfaceOrientations_iPhone = "UIInterfaceOrientationPortrait UIInterfaceOrientationLandscapeLeft UIInterfaceOrientationLandscapeRight";
				LD_RUNPATH_SEARCH_PATHS = (
					"$(inherited)",
					"@executable_path/Frameworks",
				);
				MARKETING_VERSION = 2.0;
				PRODUCT_BUNDLE_IDENTIFIER = com.TBCLectures.RegistrationApp;
				PRODUCT_NAME = "$(TARGET_NAME)";
				SWIFT_EMIT_LOC_STRINGS = YES;
				SWIFT_VERSION = 5.0;
				TARGETED_DEVICE_FAMILY = 1;
			};
			name = Debug;
		};
		2BB93B60287384F100CE125A /* Release */ = {
			isa = XCBuildConfiguration;
			buildSettings = {
				ASSETCATALOG_COMPILER_APPICON_NAME = AppIcon;
				ASSETCATALOG_COMPILER_GLOBAL_ACCENT_COLOR_NAME = AccentColor;
				CODE_SIGN_STYLE = Automatic;
				CURRENT_PROJECT_VERSION = 1;
				DEVELOPMENT_TEAM = V9DL6T6A4K;
				GENERATE_INFOPLIST_FILE = YES;
				INFOPLIST_FILE = RegistrationApp/Info.plist;
				INFOPLIST_KEY_UIApplicationSupportsIndirectInputEvents = YES;
				INFOPLIST_KEY_UILaunchStoryboardName = LaunchScreen;
				INFOPLIST_KEY_UIMainStoryboardFile = Main;
				INFOPLIST_KEY_UISupportedInterfaceOrientations = UIInterfaceOrientationPortrait;
				INFOPLIST_KEY_UISupportedInterfaceOrientations_iPad = "UIInterfaceOrientationPortrait UIInterfaceOrientationPortraitUpsideDown UIInterfaceOrientationLandscapeLeft UIInterfaceOrientationLandscapeRight";
				INFOPLIST_KEY_UISupportedInterfaceOrientations_iPhone = "UIInterfaceOrientationPortrait UIInterfaceOrientationLandscapeLeft UIInterfaceOrientationLandscapeRight";
				LD_RUNPATH_SEARCH_PATHS = (
					"$(inherited)",
					"@executable_path/Frameworks",
				);
				MARKETING_VERSION = 2.0;
				PRODUCT_BUNDLE_IDENTIFIER = com.TBCLectures.RegistrationApp;
				PRODUCT_NAME = "$(TARGET_NAME)";
				SWIFT_EMIT_LOC_STRINGS = YES;
				SWIFT_VERSION = 5.0;
				TARGETED_DEVICE_FAMILY = 1;
			};
			name = Release;
		};
/* End XCBuildConfiguration section */

/* Begin XCConfigurationList section */
		2BB93B45287384EE00CE125A /* Build configuration list for PBXProject "RegistrationApp" */ = {
			isa = XCConfigurationList;
			buildConfigurations = (
				2BB93B5C287384F100CE125A /* Debug */,
				2BB93B5D287384F100CE125A /* Release */,
			);
			defaultConfigurationIsVisible = 0;
			defaultConfigurationName = Release;
		};
		2BB93B5E287384F100CE125A /* Build configuration list for PBXNativeTarget "RegistrationApp" */ = {
			isa = XCConfigurationList;
			buildConfigurations = (
				2BB93B5F287384F100CE125A /* Debug */,
				2BB93B60287384F100CE125A /* Release */,
			);
			defaultConfigurationIsVisible = 0;
			defaultConfigurationName = Release;
		};
/* End XCConfigurationList section */
	};
	rootObject = 2BB93B42287384EE00CE125A /* Project object */;
}
