// !$*UTF8*$!
{
	archiveVersion = 1;
	classes = {
	};
	objectVersion = 55;
	objects = {

/* Begin PBXBuildFile section */
		2B3FDCD02887046900D0C0AB /* AppDelegate.swift in Sources */ = {isa = PBXBuildFile; fileRef = 2B3FDCCF2887046900D0C0AB /* AppDelegate.swift */; };
		2B3FDCD22887046900D0C0AB /* SceneDelegate.swift in Sources */ = {isa = PBXBuildFile; fileRef = 2B3FDCD12887046900D0C0AB /* SceneDelegate.swift */; };
		2B3FDCD92887046C00D0C0AB /* Assets.xcassets in Resources */ = {isa = PBXBuildFile; fileRef = 2B3FDCD82887046C00D0C0AB /* Assets.xcassets */; };
		2B3FDCDC2887046C00D0C0AB /* LaunchScreen.storyboard in Resources */ = {isa = PBXBuildFile; fileRef = 2B3FDCDA2887046C00D0C0AB /* LaunchScreen.storyboard */; };
		2B3FDCE42887047800D0C0AB /* Figures.swift in Sources */ = {isa = PBXBuildFile; fileRef = 2B3FDCE32887047800D0C0AB /* Figures.swift */; };
		2B3FDCE62887047B00D0C0AB /* Extensions.swift in Sources */ = {isa = PBXBuildFile; fileRef = 2B3FDCE52887047B00D0C0AB /* Extensions.swift */; };
		2B3FDCEA2887048600D0C0AB /* FirstViewController.swift in Sources */ = {isa = PBXBuildFile; fileRef = 2B3FDCE82887048600D0C0AB /* FirstViewController.swift */; };
		2B3FDCEB2887048600D0C0AB /* SecondViewController.swift in Sources */ = {isa = PBXBuildFile; fileRef = 2B3FDCE92887048600D0C0AB /* SecondViewController.swift */; };
		2B3FDCED2887049600D0C0AB /* Main.storyboard in Resources */ = {isa = PBXBuildFile; fileRef = 2B3FDCEC2887049600D0C0AB /* Main.storyboard */; };
/* End PBXBuildFile section */

/* Begin PBXFileReference section */
		2B3FDCCC2887046900D0C0AB /* DavitiKhvedelidzeHW18.app */ = {isa = PBXFileReference; explicitFileType = wrapper.application; includeInIndex = 0; path = DavitiKhvedelidzeHW18.app; sourceTree = BUILT_PRODUCTS_DIR; };
		2B3FDCCF2887046900D0C0AB /* AppDelegate.swift */ = {isa = PBXFileReference; lastKnownFileType = sourcecode.swift; path = AppDelegate.swift; sourceTree = "<group>"; };
		2B3FDCD12887046900D0C0AB /* SceneDelegate.swift */ = {isa = PBXFileReference; lastKnownFileType = sourcecode.swift; path = SceneDelegate.swift; sourceTree = "<group>"; };
		2B3FDCD82887046C00D0C0AB /* Assets.xcassets */ = {isa = PBXFileReference; lastKnownFileType = folder.assetcatalog; path = Assets.xcassets; sourceTree = "<group>"; };
		2B3FDCDB2887046C00D0C0AB /* Base */ = {isa = PBXFileReference; lastKnownFileType = file.storyboard; name = Base; path = Base.lproj/LaunchScreen.storyboard; sourceTree = "<group>"; };
		2B3FDCDD2887046C00D0C0AB /* Info.plist */ = {isa = PBXFileReference; lastKnownFileType = text.plist.xml; path = Info.plist; sourceTree = "<group>"; };
		2B3FDCE32887047800D0C0AB /* Figures.swift */ = {isa = PBXFileReference; fileEncoding = 4; lastKnownFileType = sourcecode.swift; path = Figures.swift; sourceTree = "<group>"; };
		2B3FDCE52887047B00D0C0AB /* Extensions.swift */ = {isa = PBXFileReference; fileEncoding = 4; lastKnownFileType = sourcecode.swift; path = Extensions.swift; sourceTree = "<group>"; };
		2B3FDCE82887048600D0C0AB /* FirstViewController.swift */ = {isa = PBXFileReference; fileEncoding = 4; lastKnownFileType = sourcecode.swift; path = FirstViewController.swift; sourceTree = "<group>"; };
		2B3FDCE92887048600D0C0AB /* SecondViewController.swift */ = {isa = PBXFileReference; fileEncoding = 4; lastKnownFileType = sourcecode.swift; path = SecondViewController.swift; sourceTree = "<group>"; };
		2B3FDCEC2887049600D0C0AB /* Main.storyboard */ = {isa = PBXFileReference; fileEncoding = 4; lastKnownFileType = file.storyboard; path = Main.storyboard; sourceTree = "<group>"; };
/* End PBXFileReference section */

/* Begin PBXFrameworksBuildPhase section */
		2B3FDCC92887046900D0C0AB /* Frameworks */ = {
			isa = PBXFrameworksBuildPhase;
			buildActionMask = 2147483647;
			files = (
			);
			runOnlyForDeploymentPostprocessing = 0;
		};
/* End PBXFrameworksBuildPhase section */

/* Begin PBXGroup section */
		2B3FDCC32887046900D0C0AB = {
			isa = PBXGroup;
			children = (
				2B3FDCCE2887046900D0C0AB /* DavitiKhvedelidzeHW18 */,
				2B3FDCCD2887046900D0C0AB /* Products */,
			);
			sourceTree = "<group>";
		};
		2B3FDCCD2887046900D0C0AB /* Products */ = {
			isa = PBXGroup;
			children = (
				2B3FDCCC2887046900D0C0AB /* DavitiKhvedelidzeHW18.app */,
			);
			name = Products;
			sourceTree = "<group>";
		};
		2B3FDCCE2887046900D0C0AB /* DavitiKhvedelidzeHW18 */ = {
			isa = PBXGroup;
			children = (
				2B3FDCCF2887046900D0C0AB /* AppDelegate.swift */,
				2B3FDCD12887046900D0C0AB /* SceneDelegate.swift */,
				2B3FDCE52887047B00D0C0AB /* Extensions.swift */,
				2B3FDCE32887047800D0C0AB /* Figures.swift */,
				2B3FDCE72887048600D0C0AB /* ViewControllers */,
				2B3FDCEC2887049600D0C0AB /* Main.storyboard */,
				2B3FDCD82887046C00D0C0AB /* Assets.xcassets */,
				2B3FDCDA2887046C00D0C0AB /* LaunchScreen.storyboard */,
				2B3FDCDD2887046C00D0C0AB /* Info.plist */,
			);
			path = DavitiKhvedelidzeHW18;
			sourceTree = "<group>";
		};
		2B3FDCE72887048600D0C0AB /* ViewControllers */ = {
			isa = PBXGroup;
			children = (
				2B3FDCE82887048600D0C0AB /* FirstViewController.swift */,
				2B3FDCE92887048600D0C0AB /* SecondViewController.swift */,
			);
			path = ViewControllers;
			sourceTree = "<group>";
		};
/* End PBXGroup section */

/* Begin PBXNativeTarget section */
		2B3FDCCB2887046900D0C0AB /* DavitiKhvedelidzeHW18 */ = {
			isa = PBXNativeTarget;
			buildConfigurationList = 2B3FDCE02887046C00D0C0AB /* Build configuration list for PBXNativeTarget "DavitiKhvedelidzeHW18" */;
			buildPhases = (
				2B3FDCC82887046900D0C0AB /* Sources */,
				2B3FDCC92887046900D0C0AB /* Frameworks */,
				2B3FDCCA2887046900D0C0AB /* Resources */,
			);
			buildRules = (
			);
			dependencies = (
			);
			name = DavitiKhvedelidzeHW18;
			productName = DavitiKhvedelidzeHW18;
			productReference = 2B3FDCCC2887046900D0C0AB /* DavitiKhvedelidzeHW18.app */;
			productType = "com.apple.product-type.application";
		};
/* End PBXNativeTarget section */

/* Begin PBXProject section */
		2B3FDCC42887046900D0C0AB /* Project object */ = {
			isa = PBXProject;
			attributes = {
				BuildIndependentTargetsInParallel = 1;
				LastSwiftUpdateCheck = 1340;
				LastUpgradeCheck = 1340;
				TargetAttributes = {
					2B3FDCCB2887046900D0C0AB = {
						CreatedOnToolsVersion = 13.4.1;
					};
				};
			};
			buildConfigurationList = 2B3FDCC72887046900D0C0AB /* Build configuration list for PBXProject "DavitiKhvedelidzeHW18" */;
			compatibilityVersion = "Xcode 13.0";
			developmentRegion = en;
			hasScannedForEncodings = 0;
			knownRegions = (
				en,
				Base,
			);
			mainGroup = 2B3FDCC32887046900D0C0AB;
			productRefGroup = 2B3FDCCD2887046900D0C0AB /* Products */;
			projectDirPath = "";
			projectRoot = "";
			targets = (
				2B3FDCCB2887046900D0C0AB /* DavitiKhvedelidzeHW18 */,
			);
		};
/* End PBXProject section */

/* Begin PBXResourcesBuildPhase section */
		2B3FDCCA2887046900D0C0AB /* Resources */ = {
			isa = PBXResourcesBuildPhase;
			buildActionMask = 2147483647;
			files = (
				2B3FDCED2887049600D0C0AB /* Main.storyboard in Resources */,
				2B3FDCDC2887046C00D0C0AB /* LaunchScreen.storyboard in Resources */,
				2B3FDCD92887046C00D0C0AB /* Assets.xcassets in Resources */,
			);
			runOnlyForDeploymentPostprocessing = 0;
		};
/* End PBXResourcesBuildPhase section */

/* Begin PBXSourcesBuildPhase section */
		2B3FDCC82887046900D0C0AB /* Sources */ = {
			isa = PBXSourcesBuildPhase;
			buildActionMask = 2147483647;
			files = (
				2B3FDCEB2887048600D0C0AB /* SecondViewController.swift in Sources */,
				2B3FDCEA2887048600D0C0AB /* FirstViewController.swift in Sources */,
				2B3FDCE62887047B00D0C0AB /* Extensions.swift in Sources */,
				2B3FDCE42887047800D0C0AB /* Figures.swift in Sources */,
				2B3FDCD02887046900D0C0AB /* AppDelegate.swift in Sources */,
				2B3FDCD22887046900D0C0AB /* SceneDelegate.swift in Sources */,
			);
			runOnlyForDeploymentPostprocessing = 0;
		};
/* End PBXSourcesBuildPhase section */

/* Begin PBXVariantGroup section */
		2B3FDCDA2887046C00D0C0AB /* LaunchScreen.storyboard */ = {
			isa = PBXVariantGroup;
			children = (
				2B3FDCDB2887046C00D0C0AB /* Base */,
			);
			name = LaunchScreen.storyboard;
			sourceTree = "<group>";
		};
/* End PBXVariantGroup section */

/* Begin XCBuildConfiguration section */
		2B3FDCDE2887046C00D0C0AB /* Debug */ = {
			isa = XCBuildConfiguration;
			buildSettings = {
				ALWAYS_SEARCH_USER_PATHS = NO;
				CLANG_ANALYZER_NONNULL = YES;
				CLANG_ANALYZER_NUMBER_OBJECT_CONVERSION = YES_AGGRESSIVE;
				CLANG_CXX_LANGUAGE_STANDARD = "gnu++17";
				CLANG_ENABLE_MODULES = YES;
				CLANG_ENABLE_OBJC_ARC = YES;
				CLANG_ENABLE_OBJC_WEAK = YES;
				CLANG_WARN_BLOCK_CAPTURE_AUTORELEASING = YES;
				CLANG_WARN_BOOL_CONVERSION = YES;
				CLANG_WARN_COMMA = YES;
				CLANG_WARN_CONSTANT_CONVERSION = YES;
				CLANG_WARN_DEPRECATED_OBJC_IMPLEMENTATIONS = YES;
				CLANG_WARN_DIRECT_OBJC_ISA_USAGE = YES_ERROR;
				CLANG_WARN_DOCUMENTATION_COMMENTS = YES;
				CLANG_WARN_EMPTY_BODY = YES;
				CLANG_WARN_ENUM_CONVERSION = YES;
				CLANG_WARN_INFINITE_RECURSION = YES;
				CLANG_WARN_INT_CONVERSION = YES;
				CLANG_WARN_NON_LITERAL_NULL_CONVERSION = YES;
				CLANG_WARN_OBJC_IMPLICIT_RETAIN_SELF = YES;
				CLANG_WARN_OBJC_LITERAL_CONVERSION = YES;
				CLANG_WARN_OBJC_ROOT_CLASS = YES_ERROR;
				CLANG_WARN_QUOTED_INCLUDE_IN_FRAMEWORK_HEADER = YES;
				CLANG_WARN_RANGE_LOOP_ANALYSIS = YES;
				CLANG_WARN_STRICT_PROTOTYPES = YES;
				CLANG_WARN_SUSPICIOUS_MOVE = YES;
				CLANG_WARN_UNGUARDED_AVAILABILITY = YES_AGGRESSIVE;
				CLANG_WARN_UNREACHABLE_CODE = YES;
				CLANG_WARN__DUPLICATE_METHOD_MATCH = YES;
				COPY_PHASE_STRIP = NO;
				DEBUG_INFORMATION_FORMAT = dwarf;
				ENABLE_STRICT_OBJC_MSGSEND = YES;
				ENABLE_TESTABILITY = YES;
				GCC_C_LANGUAGE_STANDARD = gnu11;
				GCC_DYNAMIC_NO_PIC = NO;
				GCC_NO_COMMON_BLOCKS = YES;
				GCC_OPTIMIZATION_LEVEL = 0;
				GCC_PREPROCESSOR_DEFINITIONS = (
					"DEBUG=1",
					"$(inherited)",
				);
				GCC_WARN_64_TO_32_BIT_CONVERSION = YES;
				GCC_WARN_ABOUT_RETURN_TYPE = YES_ERROR;
				GCC_WARN_UNDECLARED_SELECTOR = YES;
				GCC_WARN_UNINITIALIZED_AUTOS = YES_AGGRESSIVE;
				GCC_WARN_UNUSED_FUNCTION = YES;
				GCC_WARN_UNUSED_VARIABLE = YES;
				IPHONEOS_DEPLOYMENT_TARGET = 15.5;
				MTL_ENABLE_DEBUG_INFO = INCLUDE_SOURCE;
				MTL_FAST_MATH = YES;
				ONLY_ACTIVE_ARCH = YES;
				SDKROOT = iphoneos;
				SWIFT_ACTIVE_COMPILATION_CONDITIONS = DEBUG;
				SWIFT_OPTIMIZATION_LEVEL = "-Onone";
			};
			name = Debug;
		};
		2B3FDCDF2887046C00D0C0AB /* Release */ = {
			isa = XCBuildConfiguration;
			buildSettings = {
				ALWAYS_SEARCH_USER_PATHS = NO;
				CLANG_ANALYZER_NONNULL = YES;
				CLANG_ANALYZER_NUMBER_OBJECT_CONVERSION = YES_AGGRESSIVE;
				CLANG_CXX_LANGUAGE_STANDARD = "gnu++17";
				CLANG_ENABLE_MODULES = YES;
				CLANG_ENABLE_OBJC_ARC = YES;
				CLANG_ENABLE_OBJC_WEAK = YES;
				CLANG_WARN_BLOCK_CAPTURE_AUTORELEASING = YES;
				CLANG_WARN_BOOL_CONVERSION = YES;
				CLANG_WARN_COMMA = YES;
				CLANG_WARN_CONSTANT_CONVERSION = YES;
				CLANG_WARN_DEPRECATED_OBJC_IMPLEMENTATIONS = YES;
				CLANG_WARN_DIRECT_OBJC_ISA_USAGE = YES_ERROR;
				CLANG_WARN_DOCUMENTATION_COMMENTS = YES;
				CLANG_WARN_EMPTY_BODY = YES;
				CLANG_WARN_ENUM_CONVERSION = YES;
				CLANG_WARN_INFINITE_RECURSION = YES;
				CLANG_WARN_INT_CONVERSION = YES;
				CLANG_WARN_NON_LITERAL_NULL_CONVERSION = YES;
				CLANG_WARN_OBJC_IMPLICIT_RETAIN_SELF = YES;
				CLANG_WARN_OBJC_LITERAL_CONVERSION = YES;
				CLANG_WARN_OBJC_ROOT_CLASS = YES_ERROR;
				CLANG_WARN_QUOTED_INCLUDE_IN_FRAMEWORK_HEADER = YES;
				CLANG_WARN_RANGE_LOOP_ANALYSIS = YES;
				CLANG_WARN_STRICT_PROTOTYPES = YES;
				CLANG_WARN_SUSPICIOUS_MOVE = YES;
				CLANG_WARN_UNGUARDED_AVAILABILITY = YES_AGGRESSIVE;
				CLANG_WARN_UNREACHABLE_CODE = YES;
				CLANG_WARN__DUPLICATE_METHOD_MATCH = YES;
				COPY_PHASE_STRIP = NO;
				DEBUG_INFORMATION_FORMAT = "dwarf-with-dsym";
				ENABLE_NS_ASSERTIONS = NO;
				ENABLE_STRICT_OBJC_MSGSEND = YES;
				GCC_C_LANGUAGE_STANDARD = gnu11;
				GCC_NO_COMMON_BLOCKS = YES;
				GCC_WARN_64_TO_32_BIT_CONVERSION = YES;
				GCC_WARN_ABOUT_RETURN_TYPE = YES_ERROR;
				GCC_WARN_UNDECLARED_SELECTOR = YES;
				GCC_WARN_UNINITIALIZED_AUTOS = YES_AGGRESSIVE;
				GCC_WARN_UNUSED_FUNCTION = YES;
				GCC_WARN_UNUSED_VARIABLE = YES;
				IPHONEOS_DEPLOYMENT_TARGET = 15.5;
				MTL_ENABLE_DEBUG_INFO = NO;
				MTL_FAST_MATH = YES;
				SDKROOT = iphoneos;
				SWIFT_COMPILATION_MODE = wholemodule;
				SWIFT_OPTIMIZATION_LEVEL = "-O";
				VALIDATE_PRODUCT = YES;
			};
			name = Release;
		};
		2B3FDCE12887046C00D0C0AB /* Debug */ = {
			isa = XCBuildConfiguration;
			buildSettings = {
				ASSETCATALOG_COMPILER_APPICON_NAME = AppIcon;
				ASSETCATALOG_COMPILER_GLOBAL_ACCENT_COLOR_NAME = AccentColor;
				CODE_SIGN_STYLE = Automatic;
				CURRENT_PROJECT_VERSION = 1;
				DEVELOPMENT_TEAM = V9DL6T6A4K;
				GENERATE_INFOPLIST_FILE = YES;
				INFOPLIST_FILE = DavitiKhvedelidzeHW18/Info.plist;
				INFOPLIST_KEY_UIApplicationSupportsIndirectInputEvents = YES;
				INFOPLIST_KEY_UILaunchStoryboardName = LaunchScreen;
				INFOPLIST_KEY_UIMainStoryboardFile = Main;
				INFOPLIST_KEY_UISupportedInterfaceOrientations_iPad = "UIInterfaceOrientationPortrait UIInterfaceOrientationPortraitUpsideDown UIInterfaceOrientationLandscapeLeft UIInterfaceOrientationLandscapeRight";
				INFOPLIST_KEY_UISupportedInterfaceOrientations_iPhone = "UIInterfaceOrientationPortrait UIInterfaceOrientationLandscapeLeft UIInterfaceOrientationLandscapeRight";
				LD_RUNPATH_SEARCH_PATHS = (
					"$(inherited)",
					"@executable_path/Frameworks",
				);
				MARKETING_VERSION = 1.0;
				PRODUCT_BUNDLE_IDENTIFIER = com.TBCLectures.DavitiKhvedelidzeHW18;
				PRODUCT_NAME = "$(TARGET_NAME)";
				SWIFT_EMIT_LOC_STRINGS = YES;
				SWIFT_VERSION = 5.0;
				TARGETED_DEVICE_FAMILY = "1,2";
			};
			name = Debug;
		};
		2B3FDCE22887046C00D0C0AB /* Release */ = {
			isa = XCBuildConfiguration;
			buildSettings = {
				ASSETCATALOG_COMPILER_APPICON_NAME = AppIcon;
				ASSETCATALOG_COMPILER_GLOBAL_ACCENT_COLOR_NAME = AccentColor;
				CODE_SIGN_STYLE = Automatic;
				CURRENT_PROJECT_VERSION = 1;
				DEVELOPMENT_TEAM = V9DL6T6A4K;
				GENERATE_INFOPLIST_FILE = YES;
				INFOPLIST_FILE = DavitiKhvedelidzeHW18/Info.plist;
				INFOPLIST_KEY_UIApplicationSupportsIndirectInputEvents = YES;
				INFOPLIST_KEY_UILaunchStoryboardName = LaunchScreen;
				INFOPLIST_KEY_UIMainStoryboardFile = Main;
				INFOPLIST_KEY_UISupportedInterfaceOrientations_iPad = "UIInterfaceOrientationPortrait UIInterfaceOrientationPortraitUpsideDown UIInterfaceOrientationLandscapeLeft UIInterfaceOrientationLandscapeRight";
				INFOPLIST_KEY_UISupportedInterfaceOrientations_iPhone = "UIInterfaceOrientationPortrait UIInterfaceOrientationLandscapeLeft UIInterfaceOrientationLandscapeRight";
				LD_RUNPATH_SEARCH_PATHS = (
					"$(inherited)",
					"@executable_path/Frameworks",
				);
				MARKETING_VERSION = 1.0;
				PRODUCT_BUNDLE_IDENTIFIER = com.TBCLectures.DavitiKhvedelidzeHW18;
				PRODUCT_NAME = "$(TARGET_NAME)";
				SWIFT_EMIT_LOC_STRINGS = YES;
				SWIFT_VERSION = 5.0;
				TARGETED_DEVICE_FAMILY = "1,2";
			};
			name = Release;
		};
/* End XCBuildConfiguration section */

/* Begin XCConfigurationList section */
		2B3FDCC72887046900D0C0AB /* Build configuration list for PBXProject "DavitiKhvedelidzeHW18" */ = {
			isa = XCConfigurationList;
			buildConfigurations = (
				2B3FDCDE2887046C00D0C0AB /* Debug */,
				2B3FDCDF2887046C00D0C0AB /* Release */,
			);
			defaultConfigurationIsVisible = 0;
			defaultConfigurationName = Release;
		};
		2B3FDCE02887046C00D0C0AB /* Build configuration list for PBXNativeTarget "DavitiKhvedelidzeHW18" */ = {
			isa = XCConfigurationList;
			buildConfigurations = (
				2B3FDCE12887046C00D0C0AB /* Debug */,
				2B3FDCE22887046C00D0C0AB /* Release */,
			);
			defaultConfigurationIsVisible = 0;
			defaultConfigurationName = Release;
		};
/* End XCConfigurationList section */
	};
	rootObject = 2B3FDCC42887046900D0C0AB /* Project object */;
}
