// !$*UTF8*$!
{
	archiveVersion = 1;
	classes = {
	};
	objectVersion = 55;
	objects = {

/* Begin PBXBuildFile section */
		2B3559A628B7A98A00A4ECF1 /* AppDelegate.swift in Sources */ = {isa = PBXBuildFile; fileRef = 2B3559A528B7A98A00A4ECF1 /* AppDelegate.swift */; };
		2B3559A828B7A98A00A4ECF1 /* SceneDelegate.swift in Sources */ = {isa = PBXBuildFile; fileRef = 2B3559A728B7A98A00A4ECF1 /* SceneDelegate.swift */; };
		2B3559AA28B7A98A00A4ECF1 /* HomeViewController.swift in Sources */ = {isa = PBXBuildFile; fileRef = 2B3559A928B7A98A00A4ECF1 /* HomeViewController.swift */; };
		2B3559AD28B7A98A00A4ECF1 /* Main.storyboard in Resources */ = {isa = PBXBuildFile; fileRef = 2B3559AB28B7A98A00A4ECF1 /* Main.storyboard */; };
		2B3559B028B7A98A00A4ECF1 /* DavitiKhvedelidzeHW26.xcdatamodeld in Sources */ = {isa = PBXBuildFile; fileRef = 2B3559AE28B7A98A00A4ECF1 /* DavitiKhvedelidzeHW26.xcdatamodeld */; };
		2B3559B228B7A98C00A4ECF1 /* Assets.xcassets in Resources */ = {isa = PBXBuildFile; fileRef = 2B3559B128B7A98C00A4ECF1 /* Assets.xcassets */; };
		2B3559B528B7A98C00A4ECF1 /* LaunchScreen.storyboard in Resources */ = {isa = PBXBuildFile; fileRef = 2B3559B328B7A98C00A4ECF1 /* LaunchScreen.storyboard */; };
		2B3559C028B7ABDA00A4ECF1 /* DetailsViewController.swift in Sources */ = {isa = PBXBuildFile; fileRef = 2B3559BF28B7ABDA00A4ECF1 /* DetailsViewController.swift */; };
		2B3559C428B7ACDA00A4ECF1 /* NoteCell.swift in Sources */ = {isa = PBXBuildFile; fileRef = 2B3559C228B7ACDA00A4ECF1 /* NoteCell.swift */; };
		2B3559C528B7ACDA00A4ECF1 /* NoteCell.xib in Resources */ = {isa = PBXBuildFile; fileRef = 2B3559C328B7ACDA00A4ECF1 /* NoteCell.xib */; };
		2B8D856328BBA5AE00E5D08A /* CoreDataHelper.swift in Sources */ = {isa = PBXBuildFile; fileRef = 2B8D856228BBA5AE00E5D08A /* CoreDataHelper.swift */; };
		2BDFFADC28B7B24800F16707 /* Note+CoreDataClass.swift in Sources */ = {isa = PBXBuildFile; fileRef = 2BDFFADA28B7B24800F16707 /* Note+CoreDataClass.swift */; };
		2BDFFADD28B7B24800F16707 /* Note+CoreDataProperties.swift in Sources */ = {isa = PBXBuildFile; fileRef = 2BDFFADB28B7B24800F16707 /* Note+CoreDataProperties.swift */; };
/* End PBXBuildFile section */

/* Begin PBXFileReference section */
		2B3559A228B7A98A00A4ECF1 /* DavitiKhvedelidzeHW26.app */ = {isa = PBXFileReference; explicitFileType = wrapper.application; includeInIndex = 0; path = DavitiKhvedelidzeHW26.app; sourceTree = BUILT_PRODUCTS_DIR; };
		2B3559A528B7A98A00A4ECF1 /* AppDelegate.swift */ = {isa = PBXFileReference; lastKnownFileType = sourcecode.swift; path = AppDelegate.swift; sourceTree = "<group>"; };
		2B3559A728B7A98A00A4ECF1 /* SceneDelegate.swift */ = {isa = PBXFileReference; lastKnownFileType = sourcecode.swift; path = SceneDelegate.swift; sourceTree = "<group>"; };
		2B3559A928B7A98A00A4ECF1 /* HomeViewController.swift */ = {isa = PBXFileReference; lastKnownFileType = sourcecode.swift; path = HomeViewController.swift; sourceTree = "<group>"; };
		2B3559AC28B7A98A00A4ECF1 /* Base */ = {isa = PBXFileReference; lastKnownFileType = file.storyboard; name = Base; path = Base.lproj/Main.storyboard; sourceTree = "<group>"; };
		2B3559AF28B7A98A00A4ECF1 /* DavitiKhvedelidzeHW26.xcdatamodel */ = {isa = PBXFileReference; lastKnownFileType = wrapper.xcdatamodel; path = DavitiKhvedelidzeHW26.xcdatamodel; sourceTree = "<group>"; };
		2B3559B128B7A98C00A4ECF1 /* Assets.xcassets */ = {isa = PBXFileReference; lastKnownFileType = folder.assetcatalog; path = Assets.xcassets; sourceTree = "<group>"; };
		2B3559B428B7A98C00A4ECF1 /* Base */ = {isa = PBXFileReference; lastKnownFileType = file.storyboard; name = Base; path = Base.lproj/LaunchScreen.storyboard; sourceTree = "<group>"; };
		2B3559B628B7A98C00A4ECF1 /* Info.plist */ = {isa = PBXFileReference; lastKnownFileType = text.plist.xml; path = Info.plist; sourceTree = "<group>"; };
		2B3559BF28B7ABDA00A4ECF1 /* DetailsViewController.swift */ = {isa = PBXFileReference; lastKnownFileType = sourcecode.swift; path = DetailsViewController.swift; sourceTree = "<group>"; };
		2B3559C228B7ACDA00A4ECF1 /* NoteCell.swift */ = {isa = PBXFileReference; lastKnownFileType = sourcecode.swift; path = NoteCell.swift; sourceTree = "<group>"; };
		2B3559C328B7ACDA00A4ECF1 /* NoteCell.xib */ = {isa = PBXFileReference; lastKnownFileType = file.xib; path = NoteCell.xib; sourceTree = "<group>"; };
		2B8D856228BBA5AE00E5D08A /* CoreDataHelper.swift */ = {isa = PBXFileReference; lastKnownFileType = sourcecode.swift; name = CoreDataHelper.swift; path = DavitiKhvedelidzeHW26/Helpers/CoreDataHelper.swift; sourceTree = SOURCE_ROOT; };
		2BDFFADA28B7B24800F16707 /* Note+CoreDataClass.swift */ = {isa = PBXFileReference; lastKnownFileType = sourcecode.swift; path = "Note+CoreDataClass.swift"; sourceTree = "<group>"; };
		2BDFFADB28B7B24800F16707 /* Note+CoreDataProperties.swift */ = {isa = PBXFileReference; lastKnownFileType = sourcecode.swift; path = "Note+CoreDataProperties.swift"; sourceTree = "<group>"; };
/* End PBXFileReference section */

/* Begin PBXFrameworksBuildPhase section */
		2B35599F28B7A98A00A4ECF1 /* Frameworks */ = {
			isa = PBXFrameworksBuildPhase;
			buildActionMask = 2147483647;
			files = (
			);
			runOnlyForDeploymentPostprocessing = 0;
		};
/* End PBXFrameworksBuildPhase section */

/* Begin PBXGroup section */
		2B35599928B7A98A00A4ECF1 = {
			isa = PBXGroup;
			children = (
				2B3559A428B7A98A00A4ECF1 /* DavitiKhvedelidzeHW26 */,
				2B3559A328B7A98A00A4ECF1 /* Products */,
			);
			sourceTree = "<group>";
		};
		2B3559A328B7A98A00A4ECF1 /* Products */ = {
			isa = PBXGroup;
			children = (
				2B3559A228B7A98A00A4ECF1 /* DavitiKhvedelidzeHW26.app */,
			);
			name = Products;
			sourceTree = "<group>";
		};
		2B3559A428B7A98A00A4ECF1 /* DavitiKhvedelidzeHW26 */ = {
			isa = PBXGroup;
			children = (
				2B3559A528B7A98A00A4ECF1 /* AppDelegate.swift */,
				2B3559A728B7A98A00A4ECF1 /* SceneDelegate.swift */,
				2B8D856428BBA74100E5D08A /* Helpers */,
				2BDFFADE28B7B24F00F16707 /* Models */,
				2B3559BC28B7ABAA00A4ECF1 /* Controllers */,
				2B3559C128B7ACC100A4ECF1 /* NoteCell */,
				2B3559AB28B7A98A00A4ECF1 /* Main.storyboard */,
				2B3559B128B7A98C00A4ECF1 /* Assets.xcassets */,
				2B3559B328B7A98C00A4ECF1 /* LaunchScreen.storyboard */,
				2B3559B628B7A98C00A4ECF1 /* Info.plist */,
				2B3559AE28B7A98A00A4ECF1 /* DavitiKhvedelidzeHW26.xcdatamodeld */,
			);
			path = DavitiKhvedelidzeHW26;
			sourceTree = "<group>";
		};
		2B3559BC28B7ABAA00A4ECF1 /* Controllers */ = {
			isa = PBXGroup;
			children = (
				2B3559A928B7A98A00A4ECF1 /* HomeViewController.swift */,
				2B3559BF28B7ABDA00A4ECF1 /* DetailsViewController.swift */,
			);
			path = Controllers;
			sourceTree = "<group>";
		};
		2B3559C128B7ACC100A4ECF1 /* NoteCell */ = {
			isa = PBXGroup;
			children = (
				2B3559C228B7ACDA00A4ECF1 /* NoteCell.swift */,
				2B3559C328B7ACDA00A4ECF1 /* NoteCell.xib */,
			);
			path = NoteCell;
			sourceTree = "<group>";
		};
		2B8D856428BBA74100E5D08A /* Helpers */ = {
			isa = PBXGroup;
			children = (
				2B8D856228BBA5AE00E5D08A /* CoreDataHelper.swift */,
			);
			path = Helpers;
			sourceTree = "<group>";
		};
		2BDFFADE28B7B24F00F16707 /* Models */ = {
			isa = PBXGroup;
			children = (
				2BDFFADA28B7B24800F16707 /* Note+CoreDataClass.swift */,
				2BDFFADB28B7B24800F16707 /* Note+CoreDataProperties.swift */,
			);
			path = Models;
			sourceTree = "<group>";
		};
/* End PBXGroup section */

/* Begin PBXNativeTarget section */
		2B3559A128B7A98A00A4ECF1 /* DavitiKhvedelidzeHW26 */ = {
			isa = PBXNativeTarget;
			buildConfigurationList = 2B3559B928B7A98C00A4ECF1 /* Build configuration list for PBXNativeTarget "DavitiKhvedelidzeHW26" */;
			buildPhases = (
				2B35599E28B7A98A00A4ECF1 /* Sources */,
				2B35599F28B7A98A00A4ECF1 /* Frameworks */,
				2B3559A028B7A98A00A4ECF1 /* Resources */,
			);
			buildRules = (
			);
			dependencies = (
			);
			name = DavitiKhvedelidzeHW26;
			productName = DavitiKhvedelidzeHW26;
			productReference = 2B3559A228B7A98A00A4ECF1 /* DavitiKhvedelidzeHW26.app */;
			productType = "com.apple.product-type.application";
		};
/* End PBXNativeTarget section */

/* Begin PBXProject section */
		2B35599A28B7A98A00A4ECF1 /* Project object */ = {
			isa = PBXProject;
			attributes = {
				BuildIndependentTargetsInParallel = 1;
				LastSwiftUpdateCheck = 1340;
				LastUpgradeCheck = 1340;
				TargetAttributes = {
					2B3559A128B7A98A00A4ECF1 = {
						CreatedOnToolsVersion = 13.4.1;
					};
				};
			};
			buildConfigurationList = 2B35599D28B7A98A00A4ECF1 /* Build configuration list for PBXProject "DavitiKhvedelidzeHW26" */;
			compatibilityVersion = "Xcode 13.0";
			developmentRegion = en;
			hasScannedForEncodings = 0;
			knownRegions = (
				en,
				Base,
			);
			mainGroup = 2B35599928B7A98A00A4ECF1;
			productRefGroup = 2B3559A328B7A98A00A4ECF1 /* Products */;
			projectDirPath = "";
			projectRoot = "";
			targets = (
				2B3559A128B7A98A00A4ECF1 /* DavitiKhvedelidzeHW26 */,
			);
		};
/* End PBXProject section */

/* Begin PBXResourcesBuildPhase section */
		2B3559A028B7A98A00A4ECF1 /* Resources */ = {
			isa = PBXResourcesBuildPhase;
			buildActionMask = 2147483647;
			files = (
				2B3559B528B7A98C00A4ECF1 /* LaunchScreen.storyboard in Resources */,
				2B3559B228B7A98C00A4ECF1 /* Assets.xcassets in Resources */,
				2B3559AD28B7A98A00A4ECF1 /* Main.storyboard in Resources */,
				2B3559C528B7ACDA00A4ECF1 /* NoteCell.xib in Resources */,
			);
			runOnlyForDeploymentPostprocessing = 0;
		};
/* End PBXResourcesBuildPhase section */

/* Begin PBXSourcesBuildPhase section */
		2B35599E28B7A98A00A4ECF1 /* Sources */ = {
			isa = PBXSourcesBuildPhase;
			buildActionMask = 2147483647;
			files = (
				2B3559AA28B7A98A00A4ECF1 /* HomeViewController.swift in Sources */,
				2BDFFADD28B7B24800F16707 /* Note+CoreDataProperties.swift in Sources */,
				2BDFFADC28B7B24800F16707 /* Note+CoreDataClass.swift in Sources */,
				2B3559B028B7A98A00A4ECF1 /* DavitiKhvedelidzeHW26.xcdatamodeld in Sources */,
				2B3559A628B7A98A00A4ECF1 /* AppDelegate.swift in Sources */,
				2B3559C428B7ACDA00A4ECF1 /* NoteCell.swift in Sources */,
				2B8D856328BBA5AE00E5D08A /* CoreDataHelper.swift in Sources */,
				2B3559A828B7A98A00A4ECF1 /* SceneDelegate.swift in Sources */,
				2B3559C028B7ABDA00A4ECF1 /* DetailsViewController.swift in Sources */,
			);
			runOnlyForDeploymentPostprocessing = 0;
		};
/* End PBXSourcesBuildPhase section */

/* Begin PBXVariantGroup section */
		2B3559AB28B7A98A00A4ECF1 /* Main.storyboard */ = {
			isa = PBXVariantGroup;
			children = (
				2B3559AC28B7A98A00A4ECF1 /* Base */,
			);
			name = Main.storyboard;
			sourceTree = "<group>";
		};
		2B3559B328B7A98C00A4ECF1 /* LaunchScreen.storyboard */ = {
			isa = PBXVariantGroup;
			children = (
				2B3559B428B7A98C00A4ECF1 /* Base */,
			);
			name = LaunchScreen.storyboard;
			sourceTree = "<group>";
		};
/* End PBXVariantGroup section */

/* Begin XCBuildConfiguration section */
		2B3559B728B7A98C00A4ECF1 /* Debug */ = {
			isa = XCBuildConfiguration;
			buildSettings = {
				ALWAYS_SEARCH_USER_PATHS = NO;
				CLANG_ANALYZER_NONNULL = YES;
				CLANG_ANALYZER_NUMBER_OBJECT_CONVERSION = YES_AGGRESSIVE;
				CLANG_CXX_LANGUAGE_STANDARD = "gnu++17";
				CLANG_ENABLE_MODULES = YES;
				CLANG_ENABLE_OBJC_ARC = YES;
				CLANG_ENABLE_OBJC_WEAK = YES;
				CLANG_WARN_BLOCK_CAPTURE_AUTORELEASING = YES;
				CLANG_WARN_BOOL_CONVERSION = YES;
				CLANG_WARN_COMMA = YES;
				CLANG_WARN_CONSTANT_CONVERSION = YES;
				CLANG_WARN_DEPRECATED_OBJC_IMPLEMENTATIONS = YES;
				CLANG_WARN_DIRECT_OBJC_ISA_USAGE = YES_ERROR;
				CLANG_WARN_DOCUMENTATION_COMMENTS = YES;
				CLANG_WARN_EMPTY_BODY = YES;
				CLANG_WARN_ENUM_CONVERSION = YES;
				CLANG_WARN_INFINITE_RECURSION = YES;
				CLANG_WARN_INT_CONVERSION = YES;
				CLANG_WARN_NON_LITERAL_NULL_CONVERSION = YES;
				CLANG_WARN_OBJC_IMPLICIT_RETAIN_SELF = YES;
				CLANG_WARN_OBJC_LITERAL_CONVERSION = YES;
				CLANG_WARN_OBJC_ROOT_CLASS = YES_ERROR;
				CLANG_WARN_QUOTED_INCLUDE_IN_FRAMEWORK_HEADER = YES;
				CLANG_WARN_RANGE_LOOP_ANALYSIS = YES;
				CLANG_WARN_STRICT_PROTOTYPES = YES;
				CLANG_WARN_SUSPICIOUS_MOVE = YES;
				CLANG_WARN_UNGUARDED_AVAILABILITY = YES_AGGRESSIVE;
				CLANG_WARN_UNREACHABLE_CODE = YES;
				CLANG_WARN__DUPLICATE_METHOD_MATCH = YES;
				COPY_PHASE_STRIP = NO;
				DEBUG_INFORMATION_FORMAT = dwarf;
				ENABLE_STRICT_OBJC_MSGSEND = YES;
				ENABLE_TESTABILITY = YES;
				GCC_C_LANGUAGE_STANDARD = gnu11;
				GCC_DYNAMIC_NO_PIC = NO;
				GCC_NO_COMMON_BLOCKS = YES;
				GCC_OPTIMIZATION_LEVEL = 0;
				GCC_PREPROCESSOR_DEFINITIONS = (
					"DEBUG=1",
					"$(inherited)",
				);
				GCC_WARN_64_TO_32_BIT_CONVERSION = YES;
				GCC_WARN_ABOUT_RETURN_TYPE = YES_ERROR;
				GCC_WARN_UNDECLARED_SELECTOR = YES;
				GCC_WARN_UNINITIALIZED_AUTOS = YES_AGGRESSIVE;
				GCC_WARN_UNUSED_FUNCTION = YES;
				GCC_WARN_UNUSED_VARIABLE = YES;
				IPHONEOS_DEPLOYMENT_TARGET = 15.5;
				MTL_ENABLE_DEBUG_INFO = INCLUDE_SOURCE;
				MTL_FAST_MATH = YES;
				ONLY_ACTIVE_ARCH = YES;
				SDKROOT = iphoneos;
				SWIFT_ACTIVE_COMPILATION_CONDITIONS = DEBUG;
				SWIFT_OPTIMIZATION_LEVEL = "-Onone";
			};
			name = Debug;
		};
		2B3559B828B7A98C00A4ECF1 /* Release */ = {
			isa = XCBuildConfiguration;
			buildSettings = {
				ALWAYS_SEARCH_USER_PATHS = NO;
				CLANG_ANALYZER_NONNULL = YES;
				CLANG_ANALYZER_NUMBER_OBJECT_CONVERSION = YES_AGGRESSIVE;
				CLANG_CXX_LANGUAGE_STANDARD = "gnu++17";
				CLANG_ENABLE_MODULES = YES;
				CLANG_ENABLE_OBJC_ARC = YES;
				CLANG_ENABLE_OBJC_WEAK = YES;
				CLANG_WARN_BLOCK_CAPTURE_AUTORELEASING = YES;
				CLANG_WARN_BOOL_CONVERSION = YES;
				CLANG_WARN_COMMA = YES;
				CLANG_WARN_CONSTANT_CONVERSION = YES;
				CLANG_WARN_DEPRECATED_OBJC_IMPLEMENTATIONS = YES;
				CLANG_WARN_DIRECT_OBJC_ISA_USAGE = YES_ERROR;
				CLANG_WARN_DOCUMENTATION_COMMENTS = YES;
				CLANG_WARN_EMPTY_BODY = YES;
				CLANG_WARN_ENUM_CONVERSION = YES;
				CLANG_WARN_INFINITE_RECURSION = YES;
				CLANG_WARN_INT_CONVERSION = YES;
				CLANG_WARN_NON_LITERAL_NULL_CONVERSION = YES;
				CLANG_WARN_OBJC_IMPLICIT_RETAIN_SELF = YES;
				CLANG_WARN_OBJC_LITERAL_CONVERSION = YES;
				CLANG_WARN_OBJC_ROOT_CLASS = YES_ERROR;
				CLANG_WARN_QUOTED_INCLUDE_IN_FRAMEWORK_HEADER = YES;
				CLANG_WARN_RANGE_LOOP_ANALYSIS = YES;
				CLANG_WARN_STRICT_PROTOTYPES = YES;
				CLANG_WARN_SUSPICIOUS_MOVE = YES;
				CLANG_WARN_UNGUARDED_AVAILABILITY = YES_AGGRESSIVE;
				CLANG_WARN_UNREACHABLE_CODE = YES;
				CLANG_WARN__DUPLICATE_METHOD_MATCH = YES;
				COPY_PHASE_STRIP = NO;
				DEBUG_INFORMATION_FORMAT = "dwarf-with-dsym";
				ENABLE_NS_ASSERTIONS = NO;
				ENABLE_STRICT_OBJC_MSGSEND = YES;
				GCC_C_LANGUAGE_STANDARD = gnu11;
				GCC_NO_COMMON_BLOCKS = YES;
				GCC_WARN_64_TO_32_BIT_CONVERSION = YES;
				GCC_WARN_ABOUT_RETURN_TYPE = YES_ERROR;
				GCC_WARN_UNDECLARED_SELECTOR = YES;
				GCC_WARN_UNINITIALIZED_AUTOS = YES_AGGRESSIVE;
				GCC_WARN_UNUSED_FUNCTION = YES;
				GCC_WARN_UNUSED_VARIABLE = YES;
				IPHONEOS_DEPLOYMENT_TARGET = 15.5;
				MTL_ENABLE_DEBUG_INFO = NO;
				MTL_FAST_MATH = YES;
				SDKROOT = iphoneos;
				SWIFT_COMPILATION_MODE = wholemodule;
				SWIFT_OPTIMIZATION_LEVEL = "-O";
				VALIDATE_PRODUCT = YES;
			};
			name = Release;
		};
		2B3559BA28B7A98C00A4ECF1 /* Debug */ = {
			isa = XCBuildConfiguration;
			buildSettings = {
				ASSETCATALOG_COMPILER_APPICON_NAME = AppIcon;
				ASSETCATALOG_COMPILER_GLOBAL_ACCENT_COLOR_NAME = AccentColor;
				CODE_SIGN_STYLE = Automatic;
				CURRENT_PROJECT_VERSION = 1;
				DEVELOPMENT_TEAM = V9DL6T6A4K;
				GENERATE_INFOPLIST_FILE = YES;
				INFOPLIST_FILE = DavitiKhvedelidzeHW26/Info.plist;
				INFOPLIST_KEY_UIApplicationSupportsIndirectInputEvents = YES;
				INFOPLIST_KEY_UILaunchStoryboardName = LaunchScreen;
				INFOPLIST_KEY_UIMainStoryboardFile = Main;
				INFOPLIST_KEY_UISupportedInterfaceOrientations_iPad = "UIInterfaceOrientationPortrait UIInterfaceOrientationPortraitUpsideDown UIInterfaceOrientationLandscapeLeft UIInterfaceOrientationLandscapeRight";
				INFOPLIST_KEY_UISupportedInterfaceOrientations_iPhone = "UIInterfaceOrientationPortrait UIInterfaceOrientationLandscapeLeft UIInterfaceOrientationLandscapeRight";
				LD_RUNPATH_SEARCH_PATHS = (
					"$(inherited)",
					"@executable_path/Frameworks",
				);
				MARKETING_VERSION = 1.0;
				PRODUCT_BUNDLE_IDENTIFIER = com.TBCLectures.DavitiKhvedelidzeHW26;
				PRODUCT_NAME = "$(TARGET_NAME)";
				SWIFT_EMIT_LOC_STRINGS = YES;
				SWIFT_VERSION = 5.0;
				TARGETED_DEVICE_FAMILY = "1,2";
			};
			name = Debug;
		};
		2B3559BB28B7A98C00A4ECF1 /* Release */ = {
			isa = XCBuildConfiguration;
			buildSettings = {
				ASSETCATALOG_COMPILER_APPICON_NAME = AppIcon;
				ASSETCATALOG_COMPILER_GLOBAL_ACCENT_COLOR_NAME = AccentColor;
				CODE_SIGN_STYLE = Automatic;
				CURRENT_PROJECT_VERSION = 1;
				DEVELOPMENT_TEAM = V9DL6T6A4K;
				GENERATE_INFOPLIST_FILE = YES;
				INFOPLIST_FILE = DavitiKhvedelidzeHW26/Info.plist;
				INFOPLIST_KEY_UIApplicationSupportsIndirectInputEvents = YES;
				INFOPLIST_KEY_UILaunchStoryboardName = LaunchScreen;
				INFOPLIST_KEY_UIMainStoryboardFile = Main;
				INFOPLIST_KEY_UISupportedInterfaceOrientations_iPad = "UIInterfaceOrientationPortrait UIInterfaceOrientationPortraitUpsideDown UIInterfaceOrientationLandscapeLeft UIInterfaceOrientationLandscapeRight";
				INFOPLIST_KEY_UISupportedInterfaceOrientations_iPhone = "UIInterfaceOrientationPortrait UIInterfaceOrientationLandscapeLeft UIInterfaceOrientationLandscapeRight";
				LD_RUNPATH_SEARCH_PATHS = (
					"$(inherited)",
					"@executable_path/Frameworks",
				);
				MARKETING_VERSION = 1.0;
				PRODUCT_BUNDLE_IDENTIFIER = com.TBCLectures.DavitiKhvedelidzeHW26;
				PRODUCT_NAME = "$(TARGET_NAME)";
				SWIFT_EMIT_LOC_STRINGS = YES;
				SWIFT_VERSION = 5.0;
				TARGETED_DEVICE_FAMILY = "1,2";
			};
			name = Release;
		};
/* End XCBuildConfiguration section */

/* Begin XCConfigurationList section */
		2B35599D28B7A98A00A4ECF1 /* Build configuration list for PBXProject "DavitiKhvedelidzeHW26" */ = {
			isa = XCConfigurationList;
			buildConfigurations = (
				2B3559B728B7A98C00A4ECF1 /* Debug */,
				2B3559B828B7A98C00A4ECF1 /* Release */,
			);
			defaultConfigurationIsVisible = 0;
			defaultConfigurationName = Release;
		};
		2B3559B928B7A98C00A4ECF1 /* Build configuration list for PBXNativeTarget "DavitiKhvedelidzeHW26" */ = {
			isa = XCConfigurationList;
			buildConfigurations = (
				2B3559BA28B7A98C00A4ECF1 /* Debug */,
				2B3559BB28B7A98C00A4ECF1 /* Release */,
			);
			defaultConfigurationIsVisible = 0;
			defaultConfigurationName = Release;
		};
/* End XCConfigurationList section */

/* Begin XCVersionGroup section */
		2B3559AE28B7A98A00A4ECF1 /* DavitiKhvedelidzeHW26.xcdatamodeld */ = {
			isa = XCVersionGroup;
			children = (
				2B3559AF28B7A98A00A4ECF1 /* DavitiKhvedelidzeHW26.xcdatamodel */,
			);
			currentVersion = 2B3559AF28B7A98A00A4ECF1 /* DavitiKhvedelidzeHW26.xcdatamodel */;
			path = DavitiKhvedelidzeHW26.xcdatamodeld;
			sourceTree = "<group>";
			versionGroupType = wrapper.xcdatamodel;
		};
/* End XCVersionGroup section */
	};
	rootObject = 2B35599A28B7A98A00A4ECF1 /* Project object */;
}
