// !$*UTF8*$!
{
	archiveVersion = 1;
	classes = {
	};
	objectVersion = 55;
	objects = {

/* Begin PBXBuildFile section */
		F28047B928B9389A000F6B37 /* AppDelegate.swift in Sources */ = {isa = PBXBuildFile; fileRef = F28047B828B9389A000F6B37 /* AppDelegate.swift */; };
		F28047BB28B9389A000F6B37 /* SceneDelegate.swift in Sources */ = {isa = PBXBuildFile; fileRef = F28047BA28B9389A000F6B37 /* SceneDelegate.swift */; };
		F28047BD28B9389A000F6B37 /* ViewController.swift in Sources */ = {isa = PBXBuildFile; fileRef = F28047BC28B9389A000F6B37 /* ViewController.swift */; };
		F28047C028B9389A000F6B37 /* Main.storyboard in Resources */ = {isa = PBXBuildFile; fileRef = F28047BE28B9389A000F6B37 /* Main.storyboard */; };
		F28047C228B9389B000F6B37 /* Assets.xcassets in Resources */ = {isa = PBXBuildFile; fileRef = F28047C128B9389B000F6B37 /* Assets.xcassets */; };
		F28047C528B9389B000F6B37 /* LaunchScreen.storyboard in Resources */ = {isa = PBXBuildFile; fileRef = F28047C328B9389B000F6B37 /* LaunchScreen.storyboard */; };
		F28047CD28B9392A000F6B37 /* Screenshot 2022-08-26 at 18.55.10.png in Resources */ = {isa = PBXBuildFile; fileRef = F28047CC28B9392A000F6B37 /* Screenshot 2022-08-26 at 18.55.10.png */; };
		F28047D028B93C9F000F6B37 /* LocalNotificationManager.swift in Sources */ = {isa = PBXBuildFile; fileRef = F28047CF28B93C9F000F6B37 /* LocalNotificationManager.swift */; };
/* End PBXBuildFile section */

/* Begin PBXFileReference section */
		F28047B528B9389A000F6B37 /* PushAndLocalNotifications.app */ = {isa = PBXFileReference; explicitFileType = wrapper.application; includeInIndex = 0; path = PushAndLocalNotifications.app; sourceTree = BUILT_PRODUCTS_DIR; };
		F28047B828B9389A000F6B37 /* AppDelegate.swift */ = {isa = PBXFileReference; lastKnownFileType = sourcecode.swift; path = AppDelegate.swift; sourceTree = "<group>"; };
		F28047BA28B9389A000F6B37 /* SceneDelegate.swift */ = {isa = PBXFileReference; lastKnownFileType = sourcecode.swift; path = SceneDelegate.swift; sourceTree = "<group>"; };
		F28047BC28B9389A000F6B37 /* ViewController.swift */ = {isa = PBXFileReference; lastKnownFileType = sourcecode.swift; path = ViewController.swift; sourceTree = "<group>"; };
		F28047BF28B9389A000F6B37 /* Base */ = {isa = PBXFileReference; lastKnownFileType = file.storyboard; name = Base; path = Base.lproj/Main.storyboard; sourceTree = "<group>"; };
		F28047C128B9389B000F6B37 /* Assets.xcassets */ = {isa = PBXFileReference; lastKnownFileType = folder.assetcatalog; path = Assets.xcassets; sourceTree = "<group>"; };
		F28047C428B9389B000F6B37 /* Base */ = {isa = PBXFileReference; lastKnownFileType = file.storyboard; name = Base; path = Base.lproj/LaunchScreen.storyboard; sourceTree = "<group>"; };
		F28047C628B9389B000F6B37 /* Info.plist */ = {isa = PBXFileReference; lastKnownFileType = text.plist.xml; path = Info.plist; sourceTree = "<group>"; };
		F28047CC28B9392A000F6B37 /* Screenshot 2022-08-26 at 18.55.10.png */ = {isa = PBXFileReference; lastKnownFileType = image.png; path = "Screenshot 2022-08-26 at 18.55.10.png"; sourceTree = "<group>"; };
		F28047CE28B93B9E000F6B37 /* PushAndLocalNotifications.entitlements */ = {isa = PBXFileReference; lastKnownFileType = text.plist.entitlements; path = PushAndLocalNotifications.entitlements; sourceTree = "<group>"; };
		F28047CF28B93C9F000F6B37 /* LocalNotificationManager.swift */ = {isa = PBXFileReference; lastKnownFileType = sourcecode.swift; path = LocalNotificationManager.swift; sourceTree = "<group>"; };
/* End PBXFileReference section */

/* Begin PBXFrameworksBuildPhase section */
		F28047B228B9389A000F6B37 /* Frameworks */ = {
			isa = PBXFrameworksBuildPhase;
			buildActionMask = 2147483647;
			files = (
			);
			runOnlyForDeploymentPostprocessing = 0;
		};
/* End PBXFrameworksBuildPhase section */

/* Begin PBXGroup section */
		F28047AC28B9389A000F6B37 = {
			isa = PBXGroup;
			children = (
				F28047B728B9389A000F6B37 /* PushAndLocalNotifications */,
				F28047B628B9389A000F6B37 /* Products */,
			);
			sourceTree = "<group>";
		};
		F28047B628B9389A000F6B37 /* Products */ = {
			isa = PBXGroup;
			children = (
				F28047B528B9389A000F6B37 /* PushAndLocalNotifications.app */,
			);
			name = Products;
			sourceTree = "<group>";
		};
		F28047B728B9389A000F6B37 /* PushAndLocalNotifications */ = {
			isa = PBXGroup;
			children = (
				F28047CE28B93B9E000F6B37 /* PushAndLocalNotifications.entitlements */,
				F28047CC28B9392A000F6B37 /* Screenshot 2022-08-26 at 18.55.10.png */,
				F28047B828B9389A000F6B37 /* AppDelegate.swift */,
				F28047BA28B9389A000F6B37 /* SceneDelegate.swift */,
				F28047BC28B9389A000F6B37 /* ViewController.swift */,
				F28047CF28B93C9F000F6B37 /* LocalNotificationManager.swift */,
				F28047BE28B9389A000F6B37 /* Main.storyboard */,
				F28047C128B9389B000F6B37 /* Assets.xcassets */,
				F28047C328B9389B000F6B37 /* LaunchScreen.storyboard */,
				F28047C628B9389B000F6B37 /* Info.plist */,
			);
			path = PushAndLocalNotifications;
			sourceTree = "<group>";
		};
/* End PBXGroup section */

/* Begin PBXNativeTarget section */
		F28047B428B9389A000F6B37 /* PushAndLocalNotifications */ = {
			isa = PBXNativeTarget;
			buildConfigurationList = F28047C928B9389B000F6B37 /* Build configuration list for PBXNativeTarget "PushAndLocalNotifications" */;
			buildPhases = (
				F28047B128B9389A000F6B37 /* Sources */,
				F28047B228B9389A000F6B37 /* Frameworks */,
				F28047B328B9389A000F6B37 /* Resources */,
			);
			buildRules = (
			);
			dependencies = (
			);
			name = PushAndLocalNotifications;
			productName = PushAndLocalNotifications;
			productReference = F28047B528B9389A000F6B37 /* PushAndLocalNotifications.app */;
			productType = "com.apple.product-type.application";
		};
/* End PBXNativeTarget section */

/* Begin PBXProject section */
		F28047AD28B9389A000F6B37 /* Project object */ = {
			isa = PBXProject;
			attributes = {
				BuildIndependentTargetsInParallel = 1;
				LastSwiftUpdateCheck = 1340;
				LastUpgradeCheck = 1340;
				TargetAttributes = {
					F28047B428B9389A000F6B37 = {
						CreatedOnToolsVersion = 13.4.1;
					};
				};
			};
			buildConfigurationList = F28047B028B9389A000F6B37 /* Build configuration list for PBXProject "PushAndLocalNotifications" */;
			compatibilityVersion = "Xcode 13.0";
			developmentRegion = en;
			hasScannedForEncodings = 0;
			knownRegions = (
				en,
				Base,
			);
			mainGroup = F28047AC28B9389A000F6B37;
			productRefGroup = F28047B628B9389A000F6B37 /* Products */;
			projectDirPath = "";
			projectRoot = "";
			targets = (
				F28047B428B9389A000F6B37 /* PushAndLocalNotifications */,
			);
		};
/* End PBXProject section */

/* Begin PBXResourcesBuildPhase section */
		F28047B328B9389A000F6B37 /* Resources */ = {
			isa = PBXResourcesBuildPhase;
			buildActionMask = 2147483647;
			files = (
				F28047C528B9389B000F6B37 /* LaunchScreen.storyboard in Resources */,
				F28047C228B9389B000F6B37 /* Assets.xcassets in Resources */,
				F28047C028B9389A000F6B37 /* Main.storyboard in Resources */,
				F28047CD28B9392A000F6B37 /* Screenshot 2022-08-26 at 18.55.10.png in Resources */,
			);
			runOnlyForDeploymentPostprocessing = 0;
		};
/* End PBXResourcesBuildPhase section */

/* Begin PBXSourcesBuildPhase section */
		F28047B128B9389A000F6B37 /* Sources */ = {
			isa = PBXSourcesBuildPhase;
			buildActionMask = 2147483647;
			files = (
				F28047BD28B9389A000F6B37 /* ViewController.swift in Sources */,
				F28047B928B9389A000F6B37 /* AppDelegate.swift in Sources */,
				F28047D028B93C9F000F6B37 /* LocalNotificationManager.swift in Sources */,
				F28047BB28B9389A000F6B37 /* SceneDelegate.swift in Sources */,
			);
			runOnlyForDeploymentPostprocessing = 0;
		};
/* End PBXSourcesBuildPhase section */

/* Begin PBXVariantGroup section */
		F28047BE28B9389A000F6B37 /* Main.storyboard */ = {
			isa = PBXVariantGroup;
			children = (
				F28047BF28B9389A000F6B37 /* Base */,
			);
			name = Main.storyboard;
			sourceTree = "<group>";
		};
		F28047C328B9389B000F6B37 /* LaunchScreen.storyboard */ = {
			isa = PBXVariantGroup;
			children = (
				F28047C428B9389B000F6B37 /* Base */,
			);
			name = LaunchScreen.storyboard;
			sourceTree = "<group>";
		};
/* End PBXVariantGroup section */

/* Begin XCBuildConfiguration section */
		F28047C728B9389B000F6B37 /* Debug */ = {
			isa = XCBuildConfiguration;
			buildSettings = {
				ALWAYS_SEARCH_USER_PATHS = NO;
				CLANG_ANALYZER_NONNULL = YES;
				CLANG_ANALYZER_NUMBER_OBJECT_CONVERSION = YES_AGGRESSIVE;
				CLANG_CXX_LANGUAGE_STANDARD = "gnu++17";
				CLANG_ENABLE_MODULES = YES;
				CLANG_ENABLE_OBJC_ARC = YES;
				CLANG_ENABLE_OBJC_WEAK = YES;
				CLANG_WARN_BLOCK_CAPTURE_AUTORELEASING = YES;
				CLANG_WARN_BOOL_CONVERSION = YES;
				CLANG_WARN_COMMA = YES;
				CLANG_WARN_CONSTANT_CONVERSION = YES;
				CLANG_WARN_DEPRECATED_OBJC_IMPLEMENTATIONS = YES;
				CLANG_WARN_DIRECT_OBJC_ISA_USAGE = YES_ERROR;
				CLANG_WARN_DOCUMENTATION_COMMENTS = YES;
				CLANG_WARN_EMPTY_BODY = YES;
				CLANG_WARN_ENUM_CONVERSION = YES;
				CLANG_WARN_INFINITE_RECURSION = YES;
				CLANG_WARN_INT_CONVERSION = YES;
				CLANG_WARN_NON_LITERAL_NULL_CONVERSION = YES;
				CLANG_WARN_OBJC_IMPLICIT_RETAIN_SELF = YES;
				CLANG_WARN_OBJC_LITERAL_CONVERSION = YES;
				CLANG_WARN_OBJC_ROOT_CLASS = YES_ERROR;
				CLANG_WARN_QUOTED_INCLUDE_IN_FRAMEWORK_HEADER = YES;
				CLANG_WARN_RANGE_LOOP_ANALYSIS = YES;
				CLANG_WARN_STRICT_PROTOTYPES = YES;
				CLANG_WARN_SUSPICIOUS_MOVE = YES;
				CLANG_WARN_UNGUARDED_AVAILABILITY = YES_AGGRESSIVE;
				CLANG_WARN_UNREACHABLE_CODE = YES;
				CLANG_WARN__DUPLICATE_METHOD_MATCH = YES;
				COPY_PHASE_STRIP = NO;
				DEBUG_INFORMATION_FORMAT = dwarf;
				ENABLE_STRICT_OBJC_MSGSEND = YES;
				ENABLE_TESTABILITY = YES;
				GCC_C_LANGUAGE_STANDARD = gnu11;
				GCC_DYNAMIC_NO_PIC = NO;
				GCC_NO_COMMON_BLOCKS = YES;
				GCC_OPTIMIZATION_LEVEL = 0;
				GCC_PREPROCESSOR_DEFINITIONS = (
					"DEBUG=1",
					"$(inherited)",
				);
				GCC_WARN_64_TO_32_BIT_CONVERSION = YES;
				GCC_WARN_ABOUT_RETURN_TYPE = YES_ERROR;
				GCC_WARN_UNDECLARED_SELECTOR = YES;
				GCC_WARN_UNINITIALIZED_AUTOS = YES_AGGRESSIVE;
				GCC_WARN_UNUSED_FUNCTION = YES;
				GCC_WARN_UNUSED_VARIABLE = YES;
				IPHONEOS_DEPLOYMENT_TARGET = 15.5;
				MTL_ENABLE_DEBUG_INFO = INCLUDE_SOURCE;
				MTL_FAST_MATH = YES;
				ONLY_ACTIVE_ARCH = YES;
				SDKROOT = iphoneos;
				SWIFT_ACTIVE_COMPILATION_CONDITIONS = DEBUG;
				SWIFT_OPTIMIZATION_LEVEL = "-Onone";
			};
			name = Debug;
		};
		F28047C828B9389B000F6B37 /* Release */ = {
			isa = XCBuildConfiguration;
			buildSettings = {
				ALWAYS_SEARCH_USER_PATHS = NO;
				CLANG_ANALYZER_NONNULL = YES;
				CLANG_ANALYZER_NUMBER_OBJECT_CONVERSION = YES_AGGRESSIVE;
				CLANG_CXX_LANGUAGE_STANDARD = "gnu++17";
				CLANG_ENABLE_MODULES = YES;
				CLANG_ENABLE_OBJC_ARC = YES;
				CLANG_ENABLE_OBJC_WEAK = YES;
				CLANG_WARN_BLOCK_CAPTURE_AUTORELEASING = YES;
				CLANG_WARN_BOOL_CONVERSION = YES;
				CLANG_WARN_COMMA = YES;
				CLANG_WARN_CONSTANT_CONVERSION = YES;
				CLANG_WARN_DEPRECATED_OBJC_IMPLEMENTATIONS = YES;
				CLANG_WARN_DIRECT_OBJC_ISA_USAGE = YES_ERROR;
				CLANG_WARN_DOCUMENTATION_COMMENTS = YES;
				CLANG_WARN_EMPTY_BODY = YES;
				CLANG_WARN_ENUM_CONVERSION = YES;
				CLANG_WARN_INFINITE_RECURSION = YES;
				CLANG_WARN_INT_CONVERSION = YES;
				CLANG_WARN_NON_LITERAL_NULL_CONVERSION = YES;
				CLANG_WARN_OBJC_IMPLICIT_RETAIN_SELF = YES;
				CLANG_WARN_OBJC_LITERAL_CONVERSION = YES;
				CLANG_WARN_OBJC_ROOT_CLASS = YES_ERROR;
				CLANG_WARN_QUOTED_INCLUDE_IN_FRAMEWORK_HEADER = YES;
				CLANG_WARN_RANGE_LOOP_ANALYSIS = YES;
				CLANG_WARN_STRICT_PROTOTYPES = YES;
				CLANG_WARN_SUSPICIOUS_MOVE = YES;
				CLANG_WARN_UNGUARDED_AVAILABILITY = YES_AGGRESSIVE;
				CLANG_WARN_UNREACHABLE_CODE = YES;
				CLANG_WARN__DUPLICATE_METHOD_MATCH = YES;
				COPY_PHASE_STRIP = NO;
				DEBUG_INFORMATION_FORMAT = "dwarf-with-dsym";
				ENABLE_NS_ASSERTIONS = NO;
				ENABLE_STRICT_OBJC_MSGSEND = YES;
				GCC_C_LANGUAGE_STANDARD = gnu11;
				GCC_NO_COMMON_BLOCKS = YES;
				GCC_WARN_64_TO_32_BIT_CONVERSION = YES;
				GCC_WARN_ABOUT_RETURN_TYPE = YES_ERROR;
				GCC_WARN_UNDECLARED_SELECTOR = YES;
				GCC_WARN_UNINITIALIZED_AUTOS = YES_AGGRESSIVE;
				GCC_WARN_UNUSED_FUNCTION = YES;
				GCC_WARN_UNUSED_VARIABLE = YES;
				IPHONEOS_DEPLOYMENT_TARGET = 15.5;
				MTL_ENABLE_DEBUG_INFO = NO;
				MTL_FAST_MATH = YES;
				SDKROOT = iphoneos;
				SWIFT_COMPILATION_MODE = wholemodule;
				SWIFT_OPTIMIZATION_LEVEL = "-O";
				VALIDATE_PRODUCT = YES;
			};
			name = Release;
		};
		F28047CA28B9389B000F6B37 /* Debug */ = {
			isa = XCBuildConfiguration;
			buildSettings = {
				ASSETCATALOG_COMPILER_APPICON_NAME = AppIcon;
				ASSETCATALOG_COMPILER_GLOBAL_ACCENT_COLOR_NAME = AccentColor;
				CODE_SIGN_ENTITLEMENTS = PushAndLocalNotifications/PushAndLocalNotifications.entitlements;
				CODE_SIGN_STYLE = Manual;
				CURRENT_PROJECT_VERSION = 1;
				DEVELOPMENT_TEAM = "";
				GENERATE_INFOPLIST_FILE = YES;
				INFOPLIST_FILE = PushAndLocalNotifications/Info.plist;
				INFOPLIST_KEY_UIApplicationSupportsIndirectInputEvents = YES;
				INFOPLIST_KEY_UILaunchStoryboardName = LaunchScreen;
				INFOPLIST_KEY_UIMainStoryboardFile = Main;
				INFOPLIST_KEY_UISupportedInterfaceOrientations_iPad = "UIInterfaceOrientationPortrait UIInterfaceOrientationPortraitUpsideDown UIInterfaceOrientationLandscapeLeft UIInterfaceOrientationLandscapeRight";
				INFOPLIST_KEY_UISupportedInterfaceOrientations_iPhone = "UIInterfaceOrientationPortrait UIInterfaceOrientationLandscapeLeft UIInterfaceOrientationLandscapeRight";
				LD_RUNPATH_SEARCH_PATHS = (
					"$(inherited)",
					"@executable_path/Frameworks",
				);
				MARKETING_VERSION = 1.0;
				PRODUCT_BUNDLE_IDENTIFIER = com.Lecture.PushAndLocalNotifications;
				PRODUCT_NAME = "$(TARGET_NAME)";
				PROVISIONING_PROFILE_SPECIFIER = "";
				SWIFT_EMIT_LOC_STRINGS = YES;
				SWIFT_VERSION = 5.0;
				TARGETED_DEVICE_FAMILY = "1,2";
			};
			name = Debug;
		};
		F28047CB28B9389B000F6B37 /* Release */ = {
			isa = XCBuildConfiguration;
			buildSettings = {
				ASSETCATALOG_COMPILER_APPICON_NAME = AppIcon;
				ASSETCATALOG_COMPILER_GLOBAL_ACCENT_COLOR_NAME = AccentColor;
				CODE_SIGN_ENTITLEMENTS = PushAndLocalNotifications/PushAndLocalNotifications.entitlements;
				CODE_SIGN_STYLE = Manual;
				CURRENT_PROJECT_VERSION = 1;
				DEVELOPMENT_TEAM = "";
				GENERATE_INFOPLIST_FILE = YES;
				INFOPLIST_FILE = PushAndLocalNotifications/Info.plist;
				INFOPLIST_KEY_UIApplicationSupportsIndirectInputEvents = YES;
				INFOPLIST_KEY_UILaunchStoryboardName = LaunchScreen;
				INFOPLIST_KEY_UIMainStoryboardFile = Main;
				INFOPLIST_KEY_UISupportedInterfaceOrientations_iPad = "UIInterfaceOrientationPortrait UIInterfaceOrientationPortraitUpsideDown UIInterfaceOrientationLandscapeLeft UIInterfaceOrientationLandscapeRight";
				INFOPLIST_KEY_UISupportedInterfaceOrientations_iPhone = "UIInterfaceOrientationPortrait UIInterfaceOrientationLandscapeLeft UIInterfaceOrientationLandscapeRight";
				LD_RUNPATH_SEARCH_PATHS = (
					"$(inherited)",
					"@executable_path/Frameworks",
				);
				MARKETING_VERSION = 1.0;
				PRODUCT_BUNDLE_IDENTIFIER = com.Lecture.PushAndLocalNotifications;
				PRODUCT_NAME = "$(TARGET_NAME)";
				PROVISIONING_PROFILE_SPECIFIER = "";
				SWIFT_EMIT_LOC_STRINGS = YES;
				SWIFT_VERSION = 5.0;
				TARGETED_DEVICE_FAMILY = "1,2";
			};
			name = Release;
		};
/* End XCBuildConfiguration section */

/* Begin XCConfigurationList section */
		F28047B028B9389A000F6B37 /* Build configuration list for PBXProject "PushAndLocalNotifications" */ = {
			isa = XCConfigurationList;
			buildConfigurations = (
				F28047C728B9389B000F6B37 /* Debug */,
				F28047C828B9389B000F6B37 /* Release */,
			);
			defaultConfigurationIsVisible = 0;
			defaultConfigurationName = Release;
		};
		F28047C928B9389B000F6B37 /* Build configuration list for PBXNativeTarget "PushAndLocalNotifications" */ = {
			isa = XCConfigurationList;
			buildConfigurations = (
				F28047CA28B9389B000F6B37 /* Debug */,
				F28047CB28B9389B000F6B37 /* Release */,
			);
			defaultConfigurationIsVisible = 0;
			defaultConfigurationName = Release;
		};
/* End XCConfigurationList section */
	};
	rootObject = F28047AD28B9389A000F6B37 /* Project object */;
}
